
Microsoft Visual Studio Solution File, Format Version 12.00
# Visual Studio Version 16
VisualStudioVersion = 16.0.29613.14
MinimumVisualStudioVersion = 10.0.40219.1
Project("{F184B08F-C81C-45F6-A57F-5ABD9991F28F}") = "BetterCalculator", "BetterCalculator.vbproj", "{4F8B2AE2-C987-4858-887C-E5EFD1F4278C}"
EndProject
Global
	GlobalSection(SolutionConfigurationPlatforms) = preSolution
		Debug|Any CPU = Debug|Any CPU
		Release|Any CPU = Release|Any CPU
	EndGlobalSection
	GlobalSection(ProjectConfigurationPlatforms) = postSolution
		{4F8B2AE2-C987-4858-887C-E5EFD1F4278C}.Debug|Any CPU.ActiveCfg = Debug|Any CPU
		{4F8B2AE2-C987-4858-887C-E5EFD1F4278C}.Debug|Any CPU.Build.0 = Debug|Any CPU
		{4F8B2AE2-C987-4858-887C-E5EFD1F4278C}.Release|Any CPU.ActiveCfg = Release|Any CPU
		{4F8B2AE2-C987-4858-887C-E5EFD1F4278C}.Release|Any CPU.Build.0 = Release|Any CPU
	EndGlobalSection
	GlobalSection(SolutionProperties) = preSolution
		HideSolutionNode = FALSE
	EndGlobalSection
	GlobalSection(ExtensibilityGlobals) = postSolution
		SolutionGuid = {3D169E41-01AA-481E-8746-3247C4DDC615}
	EndGlobalSection
EndGlobal
